
Microsoft Visual Studio Solution File, Format Version 11.00
# Visual Studio 2010
Project("{E24C65DC-7377-472B-9ABA-BC803B73C61A}") = "Ejemplo_SICEN_calif", ".", "{57FB7E0A-C9E8-4EC1-910E-23431A528172}"
	ProjectSection(WebsiteProperties) = preProject
		TargetFrameworkMoniker = ".NETFramework,Version%3Dv3.5"
		Debug.AspNetCompiler.VirtualPath = "/Ejemplo_SICEN"
		Debug.AspNetCompiler.PhysicalPath = "..\Ejemplo_SICEN_calif\"
		Debug.AspNetCompiler.TargetPath = "PrecompiledWeb\Ejemplo_SICEN\"
		Debug.AspNetCompiler.Updateable = "true"
		Debug.AspNetCompiler.ForceOverwrite = "true"
		Debug.AspNetCompiler.FixedNames = "false"
		Debug.AspNetCompiler.Debug = "True"
		Release.AspNetCompiler.VirtualPath = "/Ejemplo_SICEN"
		Release.AspNetCompiler.PhysicalPath = "..\Ejemplo_SICEN_calif\"
		Release.AspNetCompiler.TargetPath = "PrecompiledWeb\Ejemplo_SICEN\"
		Release.AspNetCompiler.Updateable = "true"
		Release.AspNetCompiler.ForceOverwrite = "true"
		Release.AspNetCompiler.FixedNames = "false"
		Release.AspNetCompiler.Debug = "False"
		VWDPort = "6914"
		DefaultWebSiteLanguage = "Visual Basic"
		StartServerOnDebug = "true"
	EndProjectSection
EndProject
Global
	GlobalSection(SolutionConfigurationPlatforms) = preSolution
		Debug|Any CPU = Debug|Any CPU
	EndGlobalSection
	GlobalSection(ProjectConfigurationPlatforms) = postSolution
		{57FB7E0A-C9E8-4EC1-910E-23431A528172}.Debug|Any CPU.ActiveCfg = Debug|Any CPU
		{57FB7E0A-C9E8-4EC1-910E-23431A528172}.Debug|Any CPU.Build.0 = Debug|Any CPU
	EndGlobalSection
	GlobalSection(SolutionProperties) = preSolution
		HideSolutionNode = FALSE
	EndGlobalSection
EndGlobal
